
Microsoft Visual Studio Solution File, Format Version 11.00
# Visual Studio 10
VisualStudioVersion = 15.0.26430.6
MinimumVisualStudioVersion = 10.0.40219.1
Project("{FAE04EC0-301F-11D3-BF4B-00C04F79EFBC}") = "testconsole", "testconsole\testconsole.csproj", "{9F5437AC-6154-4DB5-A0B8-18839E4491D7}"
EndProject
Project("{FAE04EC0-301F-11D3-BF4B-00C04F79EFBC}") = "chessengine", "chessengine\chessengine.csproj", "{7D02C022-7F63-4141-8692-2EE06AED4B3F}"
EndProject
Project("{FAE04EC0-301F-11D3-BF4B-00C04F79EFBC}") = "chessui", "chessui\chessui.csproj", "{3AE43FE6-0488-410A-832F-125BA46AB09F}"
EndProject
Global
	GlobalSection(SolutionConfigurationPlatforms) = preSolution
		Debug|Any CPU = Debug|Any CPU
		Release|Any CPU = Release|Any CPU
	EndGlobalSection
	GlobalSection(ProjectConfigurationPlatforms) = postSolution
		{9F5437AC-6154-4DB5-A0B8-18839E4491D7}.Debug|Any CPU.ActiveCfg = Debug|Any CPU
		{9F5437AC-6154-4DB5-A0B8-18839E4491D7}.Debug|Any CPU.Build.0 = Debug|Any CPU
		{9F5437AC-6154-4DB5-A0B8-18839E4491D7}.Release|Any CPU.ActiveCfg = Release|Any CPU
		{9F5437AC-6154-4DB5-A0B8-18839E4491D7}.Release|Any CPU.Build.0 = Release|Any CPU
		{7D02C022-7F63-4141-8692-2EE06AED4B3F}.Debug|Any CPU.ActiveCfg = Debug|Any CPU
		{7D02C022-7F63-4141-8692-2EE06AED4B3F}.Debug|Any CPU.Build.0 = Debug|Any CPU
		{7D02C022-7F63-4141-8692-2EE06AED4B3F}.Release|Any CPU.ActiveCfg = Release|Any CPU
		{7D02C022-7F63-4141-8692-2EE06AED4B3F}.Release|Any CPU.Build.0 = Release|Any CPU
		{3AE43FE6-0488-410A-832F-125BA46AB09F}.Debug|Any CPU.ActiveCfg = Debug|Any CPU
		{3AE43FE6-0488-410A-832F-125BA46AB09F}.Debug|Any CPU.Build.0 = Debug|Any CPU
		{3AE43FE6-0488-410A-832F-125BA46AB09F}.Release|Any CPU.ActiveCfg = Release|Any CPU
		{3AE43FE6-0488-410A-832F-125BA46AB09F}.Release|Any CPU.Build.0 = Release|Any CPU
	EndGlobalSection
	GlobalSection(SolutionProperties) = preSolution
		HideSolutionNode = FALSE
	EndGlobalSection
EndGlobal
